
Microsoft Visual Studio Solution File, Format Version 12.00
# Visual Studio Version 17
VisualStudioVersion = 17.11.35327.3
MinimumVisualStudioVersion = 10.0.40219.1
Project("{FAE04EC0-301F-11D3-BF4B-00C04F79EFBC}") = "Shoply", "Shoply\Shoply.csproj", "{7D85CB52-4C42-4C57-9A9B-9F58E437EC3B}"
EndProject
Global
	GlobalSection(SolutionConfigurationPlatforms) = preSolution
		Debug|Any CPU = Debug|Any CPU
		Release|Any CPU = Release|Any CPU
	EndGlobalSection
	GlobalSection(ProjectConfigurationPlatforms) = postSolution
		{7D85CB52-4C42-4C57-9A9B-9F58E437EC3B}.Debug|Any CPU.ActiveCfg = Debug|Any CPU
		{7D85CB52-4C42-4C57-9A9B-9F58E437EC3B}.Debug|Any CPU.Build.0 = Debug|Any CPU
		{7D85CB52-4C42-4C57-9A9B-9F58E437EC3B}.Release|Any CPU.ActiveCfg = Release|Any CPU
		{7D85CB52-4C42-4C57-9A9B-9F58E437EC3B}.Release|Any CPU.Build.0 = Release|Any CPU
	EndGlobalSection
	GlobalSection(SolutionProperties) = preSolution
		HideSolutionNode = FALSE
	EndGlobalSection
	GlobalSection(ExtensibilityGlobals) = postSolution
		SolutionGuid = {F42182C2-6384-4DDA-AD67-D9D537E5229A}
	EndGlobalSection
EndGlobal
